
Microsoft Visual Studio Solution File, Format Version 12.00
# Visual Studio Version 17
VisualStudioVersion = 17.4.33122.133
MinimumVisualStudioVersion = 10.0.40219.1
Project("{2150E333-8FDC-42A3-9474-1A3956D46DE8}") = "src", "src", "{30DA2F5B-284E-405F-94FB-B72C310FCF63}"
EndProject
Project("{2150E333-8FDC-42A3-9474-1A3956D46DE8}") = "Çözüm Öğeleri", "Çözüm Öğeleri", "{E505AA65-49B1-496F-86B8-803EF29F365D}"
	ProjectSection(SolutionItems) = preProject
		ServiceUrls.txt = ServiceUrls.txt
	EndProjectSection
EndProject
Project("{2150E333-8FDC-42A3-9474-1A3956D46DE8}") = "ApiGateways", "ApiGateways", "{378301F2-DA28-41F4-BECD-F7D03EDEBBA4}"
EndProject
Project("{2150E333-8FDC-42A3-9474-1A3956D46DE8}") = "BuildingBlocks", "BuildingBlocks", "{FC290651-4370-44A4-B6A5-18944D330104}"
EndProject
Project("{2150E333-8FDC-42A3-9474-1A3956D46DE8}") = "Services", "Services", "{EF9A3EFF-089C-4D2F-853E-68E023298CEB}"
EndProject
Project("{2150E333-8FDC-42A3-9474-1A3956D46DE8}") = "Clients", "Clients", "{EA1BC910-4F8B-46B1-9353-2EC3E2113450}"
EndProject
Project("{2150E333-8FDC-42A3-9474-1A3956D46DE8}") = "WebApiGateway", "WebApiGateway", "{4B21C15D-25F6-4B6F-B62D-7D56BC7C857A}"
EndProject
Project("{FAE04EC0-301F-11D3-BF4B-00C04F79EFBC}") = "Web.ApiGateway", "src\ApiGateways\WebApiGateway\Web.ApiGateway\Web.ApiGateway.csproj", "{AF750106-BD05-4C31-892A-EE690CF6FBFC}"
EndProject
Project("{2150E333-8FDC-42A3-9474-1A3956D46DE8}") = "EventBus", "EventBus", "{6227CDD7-EEA2-47A4-8856-4DD464802B27}"
EndProject
Project("{FAE04EC0-301F-11D3-BF4B-00C04F79EFBC}") = "EventBus.Base", "src\BuildingBlocks\EventBus\EventBus.Base\EventBus.Base.csproj", "{D864D3E8-8CFD-469F-B561-97774DD066F3}"
EndProject
Project("{FAE04EC0-301F-11D3-BF4B-00C04F79EFBC}") = "EventBus.Factory", "src\BuildingBlocks\EventBus\EventBus.Factory\EventBus.Factory.csproj", "{D04F4740-EB7A-4581-9BB6-B770544F88D3}"
EndProject
Project("{FAE04EC0-301F-11D3-BF4B-00C04F79EFBC}") = "EventBus.AzureServiceBus", "src\BuildingBlocks\EventBus\EventBus.AzureServiceBus\EventBus.AzureServiceBus.csproj", "{7EE5B26E-222E-4085-96D3-25AED66A970E}"
EndProject
Project("{FAE04EC0-301F-11D3-BF4B-00C04F79EFBC}") = "EventBus.RabbitMQ", "src\BuildingBlocks\EventBus\EventBus.RabbitMQ\EventBus.RabbitMQ.csproj", "{8998B7F8-CABF-4AC1-878D-B7D214510245}"
EndProject
Project("{2150E333-8FDC-42A3-9474-1A3956D46DE8}") = "BlazorWebApp", "BlazorWebApp", "{267D7B69-A67D-45B6-9FD1-00CB24364F39}"
EndProject
Project("{FAE04EC0-301F-11D3-BF4B-00C04F79EFBC}") = "WebApp", "src\Clients\BlazorWebApp\WebApp\WebApp.csproj", "{5571D32A-F553-4B5B-A851-50319D03BD92}"
EndProject
Project("{2150E333-8FDC-42A3-9474-1A3956D46DE8}") = "BasketService", "BasketService", "{36AFE8DF-1E64-43BB-8744-DF7ED1E24F36}"
EndProject
Project("{FAE04EC0-301F-11D3-BF4B-00C04F79EFBC}") = "BasketService.Api", "src\Services\BasketService\BasketService.Api\BasketService.Api.csproj", "{C1645537-B9DF-4513-B2D7-909625883C75}"
EndProject
Project("{2150E333-8FDC-42A3-9474-1A3956D46DE8}") = "CatalogService", "CatalogService", "{91C8BD13-59A5-4E27-B92B-14B1BDCD2A08}"
EndProject
Project("{FAE04EC0-301F-11D3-BF4B-00C04F79EFBC}") = "CatalogService.Api", "src\Services\CatalogService\CatalogService.Api\CatalogService.Api.csproj", "{16BDC28A-8477-4D14-89E5-0E6E377F83EF}"
EndProject
Project("{2150E333-8FDC-42A3-9474-1A3956D46DE8}") = "IdentityService", "IdentityService", "{E0B05CF9-13FB-42BE-AF53-EB33F5B08AF5}"
EndProject
Project("{FAE04EC0-301F-11D3-BF4B-00C04F79EFBC}") = "IdentityService.Api", "src\Services\IdentityService\IdentityService.Api\IdentityService.Api.csproj", "{B16D7965-FF7D-4826-87A3-E101EF7CDFFB}"
EndProject
Project("{2150E333-8FDC-42A3-9474-1A3956D46DE8}") = "NotificationsService", "NotificationsService", "{E718083E-0822-4D92-94A7-459EA64A4F53}"
EndProject
Project("{FAE04EC0-301F-11D3-BF4B-00C04F79EFBC}") = "NotificationService", "src\Services\NotificationService\NotificationService\NotificationService.csproj", "{0DE33DD0-1F9D-4F36-9E42-FFB4FC22CC0A}"
EndProject
Project("{2150E333-8FDC-42A3-9474-1A3956D46DE8}") = "OrderService", "OrderService", "{56F73E22-2358-478E-B064-ADF2DDCF7D0D}"
EndProject
Project("{FAE04EC0-301F-11D3-BF4B-00C04F79EFBC}") = "OrderService.Domain", "src\Services\OrderService\OrderService.Domain\OrderService.Domain.csproj", "{3290767F-9B58-4AC3-B09A-353285D290F5}"
EndProject
Project("{FAE04EC0-301F-11D3-BF4B-00C04F79EFBC}") = "OrderService.Application", "src\Services\OrderService\OrderService.Application\OrderService.Application.csproj", "{FE9245B5-5606-4AB2-AC07-BA0188E4D6AE}"
EndProject
Project("{FAE04EC0-301F-11D3-BF4B-00C04F79EFBC}") = "OrderService.Infastructure", "src\Services\OrderService\OrderService.Infastructure\OrderService.Infastructure.csproj", "{20FE79EF-D6B5-4155-8BC2-0881203D63C7}"
EndProject
Project("{FAE04EC0-301F-11D3-BF4B-00C04F79EFBC}") = "OrderService.Api", "src\Services\OrderService\OrderService.Api\OrderService.Api.csproj", "{63DD5D3F-84A1-4182-8AA3-30ECD6C4D728}"
EndProject
Global
	GlobalSection(SolutionConfigurationPlatforms) = preSolution
		Debug|Any CPU = Debug|Any CPU
		Release|Any CPU = Release|Any CPU
	EndGlobalSection
	GlobalSection(ProjectConfigurationPlatforms) = postSolution
		{AF750106-BD05-4C31-892A-EE690CF6FBFC}.Debug|Any CPU.ActiveCfg = Debug|Any CPU
		{AF750106-BD05-4C31-892A-EE690CF6FBFC}.Debug|Any CPU.Build.0 = Debug|Any CPU
		{AF750106-BD05-4C31-892A-EE690CF6FBFC}.Release|Any CPU.ActiveCfg = Release|Any CPU
		{AF750106-BD05-4C31-892A-EE690CF6FBFC}.Release|Any CPU.Build.0 = Release|Any CPU
		{D864D3E8-8CFD-469F-B561-97774DD066F3}.Debug|Any CPU.ActiveCfg = Debug|Any CPU
		{D864D3E8-8CFD-469F-B561-97774DD066F3}.Debug|Any CPU.Build.0 = Debug|Any CPU
		{D864D3E8-8CFD-469F-B561-97774DD066F3}.Release|Any CPU.ActiveCfg = Release|Any CPU
		{D864D3E8-8CFD-469F-B561-97774DD066F3}.Release|Any CPU.Build.0 = Release|Any CPU
		{D04F4740-EB7A-4581-9BB6-B770544F88D3}.Debug|Any CPU.ActiveCfg = Debug|Any CPU
		{D04F4740-EB7A-4581-9BB6-B770544F88D3}.Debug|Any CPU.Build.0 = Debug|Any CPU
		{D04F4740-EB7A-4581-9BB6-B770544F88D3}.Release|Any CPU.ActiveCfg = Release|Any CPU
		{D04F4740-EB7A-4581-9BB6-B770544F88D3}.Release|Any CPU.Build.0 = Release|Any CPU
		{7EE5B26E-222E-4085-96D3-25AED66A970E}.Debug|Any CPU.ActiveCfg = Debug|Any CPU
		{7EE5B26E-222E-4085-96D3-25AED66A970E}.Debug|Any CPU.Build.0 = Debug|Any CPU
		{7EE5B26E-222E-4085-96D3-25AED66A970E}.Release|Any CPU.ActiveCfg = Release|Any CPU
		{7EE5B26E-222E-4085-96D3-25AED66A970E}.Release|Any CPU.Build.0 = Release|Any CPU
		{8998B7F8-CABF-4AC1-878D-B7D214510245}.Debug|Any CPU.ActiveCfg = Debug|Any CPU
		{8998B7F8-CABF-4AC1-878D-B7D214510245}.Debug|Any CPU.Build.0 = Debug|Any CPU
		{8998B7F8-CABF-4AC1-878D-B7D214510245}.Release|Any CPU.ActiveCfg = Release|Any CPU
		{8998B7F8-CABF-4AC1-878D-B7D214510245}.Release|Any CPU.Build.0 = Release|Any CPU
		{5571D32A-F553-4B5B-A851-50319D03BD92}.Debug|Any CPU.ActiveCfg = Debug|Any CPU
		{5571D32A-F553-4B5B-A851-50319D03BD92}.Debug|Any CPU.Build.0 = Debug|Any CPU
		{5571D32A-F553-4B5B-A851-50319D03BD92}.Release|Any CPU.ActiveCfg = Release|Any CPU
		{5571D32A-F553-4B5B-A851-50319D03BD92}.Release|Any CPU.Build.0 = Release|Any CPU
		{C1645537-B9DF-4513-B2D7-909625883C75}.Debug|Any CPU.ActiveCfg = Debug|Any CPU
		{C1645537-B9DF-4513-B2D7-909625883C75}.Debug|Any CPU.Build.0 = Debug|Any CPU
		{C1645537-B9DF-4513-B2D7-909625883C75}.Release|Any CPU.ActiveCfg = Release|Any CPU
		{C1645537-B9DF-4513-B2D7-909625883C75}.Release|Any CPU.Build.0 = Release|Any CPU
		{16BDC28A-8477-4D14-89E5-0E6E377F83EF}.Debug|Any CPU.ActiveCfg = Debug|Any CPU
		{16BDC28A-8477-4D14-89E5-0E6E377F83EF}.Debug|Any CPU.Build.0 = Debug|Any CPU
		{16BDC28A-8477-4D14-89E5-0E6E377F83EF}.Release|Any CPU.ActiveCfg = Release|Any CPU
		{16BDC28A-8477-4D14-89E5-0E6E377F83EF}.Release|Any CPU.Build.0 = Release|Any CPU
		{B16D7965-FF7D-4826-87A3-E101EF7CDFFB}.Debug|Any CPU.ActiveCfg = Debug|Any CPU
		{B16D7965-FF7D-4826-87A3-E101EF7CDFFB}.Debug|Any CPU.Build.0 = Debug|Any CPU
		{B16D7965-FF7D-4826-87A3-E101EF7CDFFB}.Release|Any CPU.ActiveCfg = Release|Any CPU
		{B16D7965-FF7D-4826-87A3-E101EF7CDFFB}.Release|Any CPU.Build.0 = Release|Any CPU
		{0DE33DD0-1F9D-4F36-9E42-FFB4FC22CC0A}.Debug|Any CPU.ActiveCfg = Debug|Any CPU
		{0DE33DD0-1F9D-4F36-9E42-FFB4FC22CC0A}.Debug|Any CPU.Build.0 = Debug|Any CPU
		{0DE33DD0-1F9D-4F36-9E42-FFB4FC22CC0A}.Release|Any CPU.ActiveCfg = Release|Any CPU
		{0DE33DD0-1F9D-4F36-9E42-FFB4FC22CC0A}.Release|Any CPU.Build.0 = Release|Any CPU
		{3290767F-9B58-4AC3-B09A-353285D290F5}.Debug|Any CPU.ActiveCfg = Debug|Any CPU
		{3290767F-9B58-4AC3-B09A-353285D290F5}.Debug|Any CPU.Build.0 = Debug|Any CPU
		{3290767F-9B58-4AC3-B09A-353285D290F5}.Release|Any CPU.ActiveCfg = Release|Any CPU
		{3290767F-9B58-4AC3-B09A-353285D290F5}.Release|Any CPU.Build.0 = Release|Any CPU
		{FE9245B5-5606-4AB2-AC07-BA0188E4D6AE}.Debug|Any CPU.ActiveCfg = Debug|Any CPU
		{FE9245B5-5606-4AB2-AC07-BA0188E4D6AE}.Debug|Any CPU.Build.0 = Debug|Any CPU
		{FE9245B5-5606-4AB2-AC07-BA0188E4D6AE}.Release|Any CPU.ActiveCfg = Release|Any CPU
		{FE9245B5-5606-4AB2-AC07-BA0188E4D6AE}.Release|Any CPU.Build.0 = Release|Any CPU
		{20FE79EF-D6B5-4155-8BC2-0881203D63C7}.Debug|Any CPU.ActiveCfg = Debug|Any CPU
		{20FE79EF-D6B5-4155-8BC2-0881203D63C7}.Debug|Any CPU.Build.0 = Debug|Any CPU
		{20FE79EF-D6B5-4155-8BC2-0881203D63C7}.Release|Any CPU.ActiveCfg = Release|Any CPU
		{20FE79EF-D6B5-4155-8BC2-0881203D63C7}.Release|Any CPU.Build.0 = Release|Any CPU
		{63DD5D3F-84A1-4182-8AA3-30ECD6C4D728}.Debug|Any CPU.ActiveCfg = Debug|Any CPU
		{63DD5D3F-84A1-4182-8AA3-30ECD6C4D728}.Debug|Any CPU.Build.0 = Debug|Any CPU
		{63DD5D3F-84A1-4182-8AA3-30ECD6C4D728}.Release|Any CPU.ActiveCfg = Release|Any CPU
		{63DD5D3F-84A1-4182-8AA3-30ECD6C4D728}.Release|Any CPU.Build.0 = Release|Any CPU
	EndGlobalSection
	GlobalSection(SolutionProperties) = preSolution
		HideSolutionNode = FALSE
	EndGlobalSection
	GlobalSection(NestedProjects) = preSolution
		{378301F2-DA28-41F4-BECD-F7D03EDEBBA4} = {30DA2F5B-284E-405F-94FB-B72C310FCF63}
		{FC290651-4370-44A4-B6A5-18944D330104} = {30DA2F5B-284E-405F-94FB-B72C310FCF63}
		{EF9A3EFF-089C-4D2F-853E-68E023298CEB} = {30DA2F5B-284E-405F-94FB-B72C310FCF63}
		{EA1BC910-4F8B-46B1-9353-2EC3E2113450} = {30DA2F5B-284E-405F-94FB-B72C310FCF63}
		{4B21C15D-25F6-4B6F-B62D-7D56BC7C857A} = {378301F2-DA28-41F4-BECD-F7D03EDEBBA4}
		{AF750106-BD05-4C31-892A-EE690CF6FBFC} = {4B21C15D-25F6-4B6F-B62D-7D56BC7C857A}
		{6227CDD7-EEA2-47A4-8856-4DD464802B27} = {FC290651-4370-44A4-B6A5-18944D330104}
		{D864D3E8-8CFD-469F-B561-97774DD066F3} = {6227CDD7-EEA2-47A4-8856-4DD464802B27}
		{D04F4740-EB7A-4581-9BB6-B770544F88D3} = {6227CDD7-EEA2-47A4-8856-4DD464802B27}
		{7EE5B26E-222E-4085-96D3-25AED66A970E} = {6227CDD7-EEA2-47A4-8856-4DD464802B27}
		{8998B7F8-CABF-4AC1-878D-B7D214510245} = {6227CDD7-EEA2-47A4-8856-4DD464802B27}
		{267D7B69-A67D-45B6-9FD1-00CB24364F39} = {EA1BC910-4F8B-46B1-9353-2EC3E2113450}
		{5571D32A-F553-4B5B-A851-50319D03BD92} = {267D7B69-A67D-45B6-9FD1-00CB24364F39}
		{36AFE8DF-1E64-43BB-8744-DF7ED1E24F36} = {EF9A3EFF-089C-4D2F-853E-68E023298CEB}
		{C1645537-B9DF-4513-B2D7-909625883C75} = {36AFE8DF-1E64-43BB-8744-DF7ED1E24F36}
		{91C8BD13-59A5-4E27-B92B-14B1BDCD2A08} = {EF9A3EFF-089C-4D2F-853E-68E023298CEB}
		{16BDC28A-8477-4D14-89E5-0E6E377F83EF} = {91C8BD13-59A5-4E27-B92B-14B1BDCD2A08}
		{E0B05CF9-13FB-42BE-AF53-EB33F5B08AF5} = {EF9A3EFF-089C-4D2F-853E-68E023298CEB}
		{B16D7965-FF7D-4826-87A3-E101EF7CDFFB} = {E0B05CF9-13FB-42BE-AF53-EB33F5B08AF5}
		{E718083E-0822-4D92-94A7-459EA64A4F53} = {EF9A3EFF-089C-4D2F-853E-68E023298CEB}
		{0DE33DD0-1F9D-4F36-9E42-FFB4FC22CC0A} = {E718083E-0822-4D92-94A7-459EA64A4F53}
		{56F73E22-2358-478E-B064-ADF2DDCF7D0D} = {EF9A3EFF-089C-4D2F-853E-68E023298CEB}
		{3290767F-9B58-4AC3-B09A-353285D290F5} = {56F73E22-2358-478E-B064-ADF2DDCF7D0D}
		{FE9245B5-5606-4AB2-AC07-BA0188E4D6AE} = {56F73E22-2358-478E-B064-ADF2DDCF7D0D}
		{20FE79EF-D6B5-4155-8BC2-0881203D63C7} = {56F73E22-2358-478E-B064-ADF2DDCF7D0D}
		{63DD5D3F-84A1-4182-8AA3-30ECD6C4D728} = {56F73E22-2358-478E-B064-ADF2DDCF7D0D}
	EndGlobalSection
	GlobalSection(ExtensibilityGlobals) = postSolution
		SolutionGuid = {9A7C8892-20E8-467D-980D-19BB008BB7D7}
	EndGlobalSection
EndGlobal
